
Microsoft Visual Studio Solution File, Format Version 12.00
# Visual Studio Version 17
VisualStudioVersion = 17.11.35312.102
MinimumVisualStudioVersion = 10.0.40219.1
Project("{FAE04EC0-301F-11D3-BF4B-00C04F79EFBC}") = "BlazorApp", "BlazorApp\BlazorApp.csproj", "{A6913396-FF84-4C75-9DEC-6529EFB79CBE}"
EndProject
Global
	GlobalSection(SolutionConfigurationPlatforms) = preSolution
		Debug|Any CPU = Debug|Any CPU
		Release|Any CPU = Release|Any CPU
	EndGlobalSection
	GlobalSection(ProjectConfigurationPlatforms) = postSolution
		{A6913396-FF84-4C75-9DEC-6529EFB79CBE}.Debug|Any CPU.ActiveCfg = Debug|Any CPU
		{A6913396-FF84-4C75-9DEC-6529EFB79CBE}.Debug|Any CPU.Build.0 = Debug|Any CPU
		{A6913396-FF84-4C75-9DEC-6529EFB79CBE}.Release|Any CPU.ActiveCfg = Release|Any CPU
		{A6913396-FF84-4C75-9DEC-6529EFB79CBE}.Release|Any CPU.Build.0 = Release|Any CPU
	EndGlobalSection
	GlobalSection(SolutionProperties) = preSolution
		HideSolutionNode = FALSE
	EndGlobalSection
	GlobalSection(ExtensibilityGlobals) = postSolution
		SolutionGuid = {70BE84F6-8AA8-4DBC-9B16-83641AA0C86B}
	EndGlobalSection
EndGlobal
